
Microsoft Visual Studio Solution File, Format Version 12.00
# Visual Studio Version 17
VisualStudioVersion = 17.0.32112.339
MinimumVisualStudioVersion = 10.0.40219.1
Project("{FAE04EC0-301F-11D3-BF4B-00C04F79EFBC}") = "Fulbank", "Fulbank\Fulbank.csproj", "{8F38F0D0-EA33-47E7-8388-2A132FD22C5F}"
EndProject
Project("{FAE04EC0-301F-11D3-BF4B-00C04F79EFBC}") = "FulbankTest", "FulbankTest\FulbankTest.csproj", "{B8918B5C-011A-4436-9BDE-79B4C1F9F812}"
EndProject
Global
	GlobalSection(SolutionConfigurationPlatforms) = preSolution
		Debug|Any CPU = Debug|Any CPU
		Release|Any CPU = Release|Any CPU
	EndGlobalSection
	GlobalSection(ProjectConfigurationPlatforms) = postSolution
		{8F38F0D0-EA33-47E7-8388-2A132FD22C5F}.Debug|Any CPU.ActiveCfg = Debug|Any CPU
		{8F38F0D0-EA33-47E7-8388-2A132FD22C5F}.Debug|Any CPU.Build.0 = Debug|Any CPU
		{8F38F0D0-EA33-47E7-8388-2A132FD22C5F}.Release|Any CPU.ActiveCfg = Release|Any CPU
		{8F38F0D0-EA33-47E7-8388-2A132FD22C5F}.Release|Any CPU.Build.0 = Release|Any CPU
		{B8918B5C-011A-4436-9BDE-79B4C1F9F812}.Debug|Any CPU.ActiveCfg = Debug|Any CPU
		{B8918B5C-011A-4436-9BDE-79B4C1F9F812}.Debug|Any CPU.Build.0 = Debug|Any CPU
		{B8918B5C-011A-4436-9BDE-79B4C1F9F812}.Release|Any CPU.ActiveCfg = Release|Any CPU
		{B8918B5C-011A-4436-9BDE-79B4C1F9F812}.Release|Any CPU.Build.0 = Release|Any CPU
	EndGlobalSection
	GlobalSection(SolutionProperties) = preSolution
		HideSolutionNode = FALSE
	EndGlobalSection
	GlobalSection(ExtensibilityGlobals) = postSolution
		SolutionGuid = {C7306022-C01D-47FA-B967-3C265D594357}
	EndGlobalSection
EndGlobal
